// !$*UTF8*$!
{
	archiveVersion = 1;
	classes = {
	};
	objectVersion = 48;
	objects = {

/* Begin PBXBuildFile section */
		800F0A53203D5E780057DCE3 /* Complex.json in Resources */ = {isa = PBXBuildFile; fileRef = 800F0A52203D5E780057DCE3 /* Complex.json */; };
		80105FD2203EDB5B0067BE89 /* ServerData.json in Resources */ = {isa = PBXBuildFile; fileRef = 80105FD1203EDB5B0067BE89 /* ServerData.json */; };
		801F17E3203D952C00A9E9F2 /* Result.swift in Sources */ = {isa = PBXBuildFile; fileRef = 801F17E2203D952C00A9E9F2 /* Result.swift */; };
		801F17E5203D959300A9E9F2 /* ItemRespone.swift in Sources */ = {isa = PBXBuildFile; fileRef = 801F17E4203D959300A9E9F2 /* ItemRespone.swift */; };
		801F17E7203D95C700A9E9F2 /* Item.swift in Sources */ = {isa = PBXBuildFile; fileRef = 801F17E6203D95C700A9E9F2 /* Item.swift */; };
		801F17E9203D96E100A9E9F2 /* Batters.swift in Sources */ = {isa = PBXBuildFile; fileRef = 801F17E8203D96E100A9E9F2 /* Batters.swift */; };
		801F17EB203D971600A9E9F2 /* Batter.swift in Sources */ = {isa = PBXBuildFile; fileRef = 801F17EA203D971600A9E9F2 /* Batter.swift */; };
		801F17F3203DC6F000A9E9F2 /* JSON_Base.swift in Sources */ = {isa = PBXBuildFile; fileRef = 801F17F2203DC6F000A9E9F2 /* JSON_Base.swift */; };
		807A030B203D8F5900738C4D /* DataService.swift in Sources */ = {isa = PBXBuildFile; fileRef = 807A030A203D8F5900738C4D /* DataService.swift */; };
		809747FE203B35BB00814825 /* AppDelegate.swift in Sources */ = {isa = PBXBuildFile; fileRef = 809747FD203B35BB00814825 /* AppDelegate.swift */; };
		80974800203B35BB00814825 /* ViewController.swift in Sources */ = {isa = PBXBuildFile; fileRef = 809747FF203B35BB00814825 /* ViewController.swift */; };
		80974803203B35BB00814825 /* Main.storyboard in Resources */ = {isa = PBXBuildFile; fileRef = 80974801203B35BB00814825 /* Main.storyboard */; };
		80974805203B35BB00814825 /* Assets.xcassets in Resources */ = {isa = PBXBuildFile; fileRef = 80974804203B35BB00814825 /* Assets.xcassets */; };
		80974808203B35BB00814825 /* LaunchScreen.storyboard in Resources */ = {isa = PBXBuildFile; fileRef = 80974806203B35BB00814825 /* LaunchScreen.storyboard */; };
/* End PBXBuildFile section */

/* Begin PBXFileReference section */
		800F0A52203D5E780057DCE3 /* Complex.json */ = {isa = PBXFileReference; fileEncoding = 4; lastKnownFileType = text.json; path = Complex.json; sourceTree = "<group>"; };
		80105FD1203EDB5B0067BE89 /* ServerData.json */ = {isa = PBXFileReference; fileEncoding = 4; lastKnownFileType = text.json; path = ServerData.json; sourceTree = "<group>"; };
		801F17E2203D952C00A9E9F2 /* Result.swift */ = {isa = PBXFileReference; lastKnownFileType = sourcecode.swift; path = Result.swift; sourceTree = "<group>"; };
		801F17E4203D959300A9E9F2 /* ItemRespone.swift */ = {isa = PBXFileReference; lastKnownFileType = sourcecode.swift; path = ItemRespone.swift; sourceTree = "<group>"; };
		801F17E6203D95C700A9E9F2 /* Item.swift */ = {isa = PBXFileReference; lastKnownFileType = sourcecode.swift; path = Item.swift; sourceTree = "<group>"; };
		801F17E8203D96E100A9E9F2 /* Batters.swift */ = {isa = PBXFileReference; lastKnownFileType = sourcecode.swift; path = Batters.swift; sourceTree = "<group>"; };
		801F17EA203D971600A9E9F2 /* Batter.swift */ = {isa = PBXFileReference; lastKnownFileType = sourcecode.swift; path = Batter.swift; sourceTree = "<group>"; };
		801F17F2203DC6F000A9E9F2 /* JSON_Base.swift */ = {isa = PBXFileReference; lastKnownFileType = sourcecode.swift; path = JSON_Base.swift; sourceTree = "<group>"; };
		807A030A203D8F5900738C4D /* DataService.swift */ = {isa = PBXFileReference; lastKnownFileType = sourcecode.swift; path = DataService.swift; sourceTree = "<group>"; };
		809747FA203B35BB00814825 /* JsonTrial.app */ = {isa = PBXFileReference; explicitFileType = wrapper.application; includeInIndex = 0; path = JsonTrial.app; sourceTree = BUILT_PRODUCTS_DIR; };
		809747FD203B35BB00814825 /* AppDelegate.swift */ = {isa = PBXFileReference; lastKnownFileType = sourcecode.swift; path = AppDelegate.swift; sourceTree = "<group>"; };
		809747FF203B35BB00814825 /* ViewController.swift */ = {isa = PBXFileReference; lastKnownFileType = sourcecode.swift; path = ViewController.swift; sourceTree = "<group>"; };
		80974802203B35BB00814825 /* Base */ = {isa = PBXFileReference; lastKnownFileType = file.storyboard; name = Base; path = Base.lproj/Main.storyboard; sourceTree = "<group>"; };
		80974804203B35BB00814825 /* Assets.xcassets */ = {isa = PBXFileReference; lastKnownFileType = folder.assetcatalog; path = Assets.xcassets; sourceTree = "<group>"; };
		80974807203B35BB00814825 /* Base */ = {isa = PBXFileReference; lastKnownFileType = file.storyboard; name = Base; path = Base.lproj/LaunchScreen.storyboard; sourceTree = "<group>"; };
		80974809203B35BB00814825 /* Info.plist */ = {isa = PBXFileReference; lastKnownFileType = text.plist.xml; path = Info.plist; sourceTree = "<group>"; };
/* End PBXFileReference section */

/* Begin PBXFrameworksBuildPhase section */
		809747F7203B35BB00814825 /* Frameworks */ = {
			isa = PBXFrameworksBuildPhase;
			buildActionMask = 2147483647;
			files = (
			);
			runOnlyForDeploymentPostprocessing = 0;
		};
/* End PBXFrameworksBuildPhase section */

/* Begin PBXGroup section */
		809747F1203B35BB00814825 = {
			isa = PBXGroup;
			children = (
				809747FC203B35BB00814825 /* JsonTrial */,
				809747FB203B35BB00814825 /* Products */,
			);
			sourceTree = "<group>";
		};
		809747FB203B35BB00814825 /* Products */ = {
			isa = PBXGroup;
			children = (
				809747FA203B35BB00814825 /* JsonTrial.app */,
			);
			name = Products;
			sourceTree = "<group>";
		};
		809747FC203B35BB00814825 /* JsonTrial */ = {
			isa = PBXGroup;
			children = (
				801F17E4203D959300A9E9F2 /* ItemRespone.swift */,
				801F17E6203D95C700A9E9F2 /* Item.swift */,
				801F17E8203D96E100A9E9F2 /* Batters.swift */,
				801F17EA203D971600A9E9F2 /* Batter.swift */,
				800F0A52203D5E780057DCE3 /* Complex.json */,
				807A030A203D8F5900738C4D /* DataService.swift */,
				80105FD1203EDB5B0067BE89 /* ServerData.json */,
				801F17E2203D952C00A9E9F2 /* Result.swift */,
				801F17F2203DC6F000A9E9F2 /* JSON_Base.swift */,
				809747FF203B35BB00814825 /* ViewController.swift */,
				809747FD203B35BB00814825 /* AppDelegate.swift */,
				80974801203B35BB00814825 /* Main.storyboard */,
				80974804203B35BB00814825 /* Assets.xcassets */,
				80974806203B35BB00814825 /* LaunchScreen.storyboard */,
				80974809203B35BB00814825 /* Info.plist */,
			);
			path = JsonTrial;
			sourceTree = "<group>";
		};
/* End PBXGroup section */

/* Begin PBXNativeTarget section */
		809747F9203B35BB00814825 /* JsonTrial */ = {
			isa = PBXNativeTarget;
			buildConfigurationList = 8097480C203B35BB00814825 /* Build configuration list for PBXNativeTarget "JsonTrial" */;
			buildPhases = (
				809747F6203B35BB00814825 /* Sources */,
				809747F7203B35BB00814825 /* Frameworks */,
				809747F8203B35BB00814825 /* Resources */,
			);
			buildRules = (
			);
			dependencies = (
			);
			name = JsonTrial;
			productName = JsonTrial;
			productReference = 809747FA203B35BB00814825 /* JsonTrial.app */;
			productType = "com.apple.product-type.application";
		};
/* End PBXNativeTarget section */

/* Begin PBXProject section */
		809747F2203B35BB00814825 /* Project object */ = {
			isa = PBXProject;
			attributes = {
				LastSwiftUpdateCheck = 0920;
				LastUpgradeCheck = 0920;
				ORGANIZATIONNAME = "Magy Elias";
				TargetAttributes = {
					809747F9203B35BB00814825 = {
						CreatedOnToolsVersion = 9.2;
						ProvisioningStyle = Automatic;
					};
				};
			};
			buildConfigurationList = 809747F5203B35BB00814825 /* Build configuration list for PBXProject "JsonTrial" */;
			compatibilityVersion = "Xcode 8.0";
			developmentRegion = en;
			hasScannedForEncodings = 0;
			knownRegions = (
				en,
				Base,
			);
			mainGroup = 809747F1203B35BB00814825;
			productRefGroup = 809747FB203B35BB00814825 /* Products */;
			projectDirPath = "";
			projectRoot = "";
			targets = (
				809747F9203B35BB00814825 /* JsonTrial */,
			);
		};
/* End PBXProject section */

/* Begin PBXResourcesBuildPhase section */
		809747F8203B35BB00814825 /* Resources */ = {
			isa = PBXResourcesBuildPhase;
			buildActionMask = 2147483647;
			files = (
				800F0A53203D5E780057DCE3 /* Complex.json in Resources */,
				80974808203B35BB00814825 /* LaunchScreen.storyboard in Resources */,
				80974805203B35BB00814825 /* Assets.xcassets in Resources */,
				80105FD2203EDB5B0067BE89 /* ServerData.json in Resources */,
				80974803203B35BB00814825 /* Main.storyboard in Resources */,
			);
			runOnlyForDeploymentPostprocessing = 0;
		};
/* End PBXResourcesBuildPhase section */

/* Begin PBXSourcesBuildPhase section */
		809747F6203B35BB00814825 /* Sources */ = {
			isa = PBXSourcesBuildPhase;
			buildActionMask = 2147483647;
			files = (
				807A030B203D8F5900738C4D /* DataService.swift in Sources */,
				801F17EB203D971600A9E9F2 /* Batter.swift in Sources */,
				80974800203B35BB00814825 /* ViewController.swift in Sources */,
				801F17E5203D959300A9E9F2 /* ItemRespone.swift in Sources */,
				801F17F3203DC6F000A9E9F2 /* JSON_Base.swift in Sources */,
				801F17E3203D952C00A9E9F2 /* Result.swift in Sources */,
				801F17E9203D96E100A9E9F2 /* Batters.swift in Sources */,
				801F17E7203D95C700A9E9F2 /* Item.swift in Sources */,
				809747FE203B35BB00814825 /* AppDelegate.swift in Sources */,
			);
			runOnlyForDeploymentPostprocessing = 0;
		};
/* End PBXSourcesBuildPhase section */

/* Begin PBXVariantGroup section */
		80974801203B35BB00814825 /* Main.storyboard */ = {
			isa = PBXVariantGroup;
			children = (
				80974802203B35BB00814825 /* Base */,
			);
			name = Main.storyboard;
			sourceTree = "<group>";
		};
		80974806203B35BB00814825 /* LaunchScreen.storyboard */ = {
			isa = PBXVariantGroup;
			children = (
				80974807203B35BB00814825 /* Base */,
			);
			name = LaunchScreen.storyboard;
			sourceTree = "<group>";
		};
/* End PBXVariantGroup section */

/* Begin XCBuildConfiguration section */
		8097480A203B35BB00814825 /* Debug */ = {
			isa = XCBuildConfiguration;
			buildSettings = {
				ALWAYS_SEARCH_USER_PATHS = NO;
				CLANG_ANALYZER_NONNULL = YES;
				CLANG_ANALYZER_NUMBER_OBJECT_CONVERSION = YES_AGGRESSIVE;
				CLANG_CXX_LANGUAGE_STANDARD = "gnu++14";
				CLANG_CXX_LIBRARY = "libc++";
				CLANG_ENABLE_MODULES = YES;
				CLANG_ENABLE_OBJC_ARC = YES;
				CLANG_WARN_BLOCK_CAPTURE_AUTORELEASING = YES;
				CLANG_WARN_BOOL_CONVERSION = YES;
				CLANG_WARN_COMMA = YES;
				CLANG_WARN_CONSTANT_CONVERSION = YES;
				CLANG_WARN_DIRECT_OBJC_ISA_USAGE = YES_ERROR;
				CLANG_WARN_DOCUMENTATION_COMMENTS = YES;
				CLANG_WARN_EMPTY_BODY = YES;
				CLANG_WARN_ENUM_CONVERSION = YES;
				CLANG_WARN_INFINITE_RECURSION = YES;
				CLANG_WARN_INT_CONVERSION = YES;
				CLANG_WARN_NON_LITERAL_NULL_CONVERSION = YES;
				CLANG_WARN_OBJC_LITERAL_CONVERSION = YES;
				CLANG_WARN_OBJC_ROOT_CLASS = YES_ERROR;
				CLANG_WARN_RANGE_LOOP_ANALYSIS = YES;
				CLANG_WARN_STRICT_PROTOTYPES = YES;
				CLANG_WARN_SUSPICIOUS_MOVE = YES;
				CLANG_WARN_UNGUARDED_AVAILABILITY = YES_AGGRESSIVE;
				CLANG_WARN_UNREACHABLE_CODE = YES;
				CLANG_WARN__DUPLICATE_METHOD_MATCH = YES;
				CODE_SIGN_IDENTITY = "iPhone Developer";
				COPY_PHASE_STRIP = NO;
				DEBUG_INFORMATION_FORMAT = dwarf;
				ENABLE_STRICT_OBJC_MSGSEND = YES;
				ENABLE_TESTABILITY = YES;
				GCC_C_LANGUAGE_STANDARD = gnu11;
				GCC_DYNAMIC_NO_PIC = NO;
				GCC_NO_COMMON_BLOCKS = YES;
				GCC_OPTIMIZATION_LEVEL = 0;
				GCC_PREPROCESSOR_DEFINITIONS = (
					"DEBUG=1",
					"$(inherited)",
				);
				GCC_WARN_64_TO_32_BIT_CONVERSION = YES;
				GCC_WARN_ABOUT_RETURN_TYPE = YES_ERROR;
				GCC_WARN_UNDECLARED_SELECTOR = YES;
				GCC_WARN_UNINITIALIZED_AUTOS = YES_AGGRESSIVE;
				GCC_WARN_UNUSED_FUNCTION = YES;
				GCC_WARN_UNUSED_VARIABLE = YES;
				IPHONEOS_DEPLOYMENT_TARGET = 11.2;
				MTL_ENABLE_DEBUG_INFO = YES;
				ONLY_ACTIVE_ARCH = YES;
				SDKROOT = iphoneos;
				SWIFT_ACTIVE_COMPILATION_CONDITIONS = DEBUG;
				SWIFT_OPTIMIZATION_LEVEL = "-Onone";
			};
			name = Debug;
		};
		8097480B203B35BB00814825 /* Release */ = {
			isa = XCBuildConfiguration;
			buildSettings = {
				ALWAYS_SEARCH_USER_PATHS = NO;
				CLANG_ANALYZER_NONNULL = YES;
				CLANG_ANALYZER_NUMBER_OBJECT_CONVERSION = YES_AGGRESSIVE;
				CLANG_CXX_LANGUAGE_STANDARD = "gnu++14";
				CLANG_CXX_LIBRARY = "libc++";
				CLANG_ENABLE_MODULES = YES;
				CLANG_ENABLE_OBJC_ARC = YES;
				CLANG_WARN_BLOCK_CAPTURE_AUTORELEASING = YES;
				CLANG_WARN_BOOL_CONVERSION = YES;
				CLANG_WARN_COMMA = YES;
				CLANG_WARN_CONSTANT_CONVERSION = YES;
				CLANG_WARN_DIRECT_OBJC_ISA_USAGE = YES_ERROR;
				CLANG_WARN_DOCUMENTATION_COMMENTS = YES;
				CLANG_WARN_EMPTY_BODY = YES;
				CLANG_WARN_ENUM_CONVERSION = YES;
				CLANG_WARN_INFINITE_RECURSION = YES;
				CLANG_WARN_INT_CONVERSION = YES;
				CLANG_WARN_NON_LITERAL_NULL_CONVERSION = YES;
				CLANG_WARN_OBJC_LITERAL_CONVERSION = YES;
				CLANG_WARN_OBJC_ROOT_CLASS = YES_ERROR;
				CLANG_WARN_RANGE_LOOP_ANALYSIS = YES;
				CLANG_WARN_STRICT_PROTOTYPES = YES;
				CLANG_WARN_SUSPICIOUS_MOVE = YES;
				CLANG_WARN_UNGUARDED_AVAILABILITY = YES_AGGRESSIVE;
				CLANG_WARN_UNREACHABLE_CODE = YES;
				CLANG_WARN__DUPLICATE_METHOD_MATCH = YES;
				CODE_SIGN_IDENTITY = "iPhone Developer";
				COPY_PHASE_STRIP = NO;
				DEBUG_INFORMATION_FORMAT = "dwarf-with-dsym";
				ENABLE_NS_ASSERTIONS = NO;
				ENABLE_STRICT_OBJC_MSGSEND = YES;
				GCC_C_LANGUAGE_STANDARD = gnu11;
				GCC_NO_COMMON_BLOCKS = YES;
				GCC_WARN_64_TO_32_BIT_CONVERSION = YES;
				GCC_WARN_ABOUT_RETURN_TYPE = YES_ERROR;
				GCC_WARN_UNDECLARED_SELECTOR = YES;
				GCC_WARN_UNINITIALIZED_AUTOS = YES_AGGRESSIVE;
				GCC_WARN_UNUSED_FUNCTION = YES;
				GCC_WARN_UNUSED_VARIABLE = YES;
				IPHONEOS_DEPLOYMENT_TARGET = 11.2;
				MTL_ENABLE_DEBUG_INFO = NO;
				SDKROOT = iphoneos;
				SWIFT_OPTIMIZATION_LEVEL = "-Owholemodule";
				VALIDATE_PRODUCT = YES;
			};
			name = Release;
		};
		8097480D203B35BB00814825 /* Debug */ = {
			isa = XCBuildConfiguration;
			buildSettings = {
				ASSETCATALOG_COMPILER_APPICON_NAME = AppIcon;
				CODE_SIGN_STYLE = Automatic;
				DEVELOPMENT_TEAM = L7LRBW8FYX;
				INFOPLIST_FILE = JsonTrial/Info.plist;
				LD_RUNPATH_SEARCH_PATHS = "$(inherited) @executable_path/Frameworks";
				PRODUCT_BUNDLE_IDENTIFIER = com.magyelias.JsonTrial.JsonTrial;
				PRODUCT_NAME = "$(TARGET_NAME)";
				SWIFT_VERSION = 4.0;
				TARGETED_DEVICE_FAMILY = "1,2";
			};
			name = Debug;
		};
		8097480E203B35BB00814825 /* Release */ = {
			isa = XCBuildConfiguration;
			buildSettings = {
				ASSETCATALOG_COMPILER_APPICON_NAME = AppIcon;
				CODE_SIGN_STYLE = Automatic;
				DEVELOPMENT_TEAM = L7LRBW8FYX;
				INFOPLIST_FILE = JsonTrial/Info.plist;
				LD_RUNPATH_SEARCH_PATHS = "$(inherited) @executable_path/Frameworks";
				PRODUCT_BUNDLE_IDENTIFIER = com.magyelias.JsonTrial.JsonTrial;
				PRODUCT_NAME = "$(TARGET_NAME)";
				SWIFT_VERSION = 4.0;
				TARGETED_DEVICE_FAMILY = "1,2";
			};
			name = Release;
		};
/* End XCBuildConfiguration section */

/* Begin XCConfigurationList section */
		809747F5203B35BB00814825 /* Build configuration list for PBXProject "JsonTrial" */ = {
			isa = XCConfigurationList;
			buildConfigurations = (
				8097480A203B35BB00814825 /* Debug */,
				8097480B203B35BB00814825 /* Release */,
			);
			defaultConfigurationIsVisible = 0;
			defaultConfigurationName = Release;
		};
		8097480C203B35BB00814825 /* Build configuration list for PBXNativeTarget "JsonTrial" */ = {
			isa = XCConfigurationList;
			buildConfigurations = (
				8097480D203B35BB00814825 /* Debug */,
				8097480E203B35BB00814825 /* Release */,
			);
			defaultConfigurationIsVisible = 0;
			defaultConfigurationName = Release;
		};
/* End XCConfigurationList section */
	};
	rootObject = 809747F2203B35BB00814825 /* Project object */;
}
